<?xml version="1.0" encoding="utf-8"?>
<Project ToolsVersion="4.0" xmlns="http://schemas.microsoft.com/developer/msbuild/2003">
  <ItemGroup>
    <CudaCompile Include="Voxel.cu" />
    <CudaCompile Include="Octree.cu" />
  </ItemGroup>
  <ItemGroup>
    <Filter Include="Header Files">
      <UniqueIdentifier>{dded490f-4e7a-4f84-9058-991f123be902}</UniqueIdentifier>
    </Filter>
    <Filter Include="Source Files">
      <UniqueIdentifier>{8f8070f1-ebe3-4a2c-b3f0-2d23efcdd6a6}</UniqueIdentifier>
    </Filter>
    <Filter Include="Shader">
      <UniqueIdentifier>{ba42a15e-d555-4a6e-a9a8-e061bae2816b}</UniqueIdentifier>
    </Filter>
    <Filter Include="ExternalLibs">
      <UniqueIdentifier>{da593435-d448-4f79-9b68-a89a9c8284e4}</UniqueIdentifier>
    </Filter>
  </ItemGroup>
  <ItemGroup>
    <ClInclude Include="Mesh.h">
      <Filter>Header Files</Filter>
    </ClInclude>
    <ClInclude Include="Voxel.cuh" />
    <ClInclude Include="Camera.h">
      <Filter>Header Files</Filter>
    </ClInclude>
    <ClInclude Include="FrameBuffer.h">
      <Filter>Header Files</Filter>
    </ClInclude>
    <ClInclude Include="include\InitShader.h">
      <Filter>ExternalLibs</Filter>
    </ClInclude>
    <ClInclude Include="Octree.cuh" />
    <ClInclude Include="SkyBox.h" />
  </ItemGroup>
  <ItemGroup>
    <ClCompile Include="Mesh.cpp">
      <Filter>Source Files</Filter>
    </ClCompile>
    <ClCompile Include="main.cpp" />
    <ClCompile Include="Camera.cpp">
      <Filter>Source Files</Filter>
    </ClCompile>
    <ClCompile Include="FrameBuffer.cpp">
      <Filter>Source Files</Filter>
    </ClCompile>
    <ClCompile Include="include\InitShader.cpp">
      <Filter>ExternalLibs</Filter>
    </ClCompile>
    <ClCompile Include="SkyBox.cpp" />
  </ItemGroup>
  <ItemGroup>
    <None Include="shader\fs.frag">
      <Filter>Shader</Filter>
    </None>
    <None Include="shader\vs.vert">
      <Filter>Shader</Filter>
    </None>
    <None Include="shader\skybox.frag">
      <Filter>Shader</Filter>
    </None>
    <None Include="shader\skybox.vert">
      <Filter>Shader</Filter>
    </None>
  </ItemGroup>
</Project>